
Microsoft Visual Studio Solution File, Format Version 12.00
# Visual Studio Version 16
VisualStudioVersion = 16.0.32228.343
MinimumVisualStudioVersion = 10.0.40219.1
Project("{FAE04EC0-301F-11D3-BF4B-00C04F79EFBC}") = "SQLConnectionMVC", "SQLConnectionMVC\SQLConnectionMVC.csproj", "{6B49A611-FBD5-498D-8E66-BBE12838438F}"
EndProject
Global
	GlobalSection(SolutionConfigurationPlatforms) = preSolution
		Debug|Any CPU = Debug|Any CPU
		Release|Any CPU = Release|Any CPU
	EndGlobalSection
	GlobalSection(ProjectConfigurationPlatforms) = postSolution
		{6B49A611-FBD5-498D-8E66-BBE12838438F}.Debug|Any CPU.ActiveCfg = Debug|Any CPU
		{6B49A611-FBD5-498D-8E66-BBE12838438F}.Debug|Any CPU.Build.0 = Debug|Any CPU
		{6B49A611-FBD5-498D-8E66-BBE12838438F}.Release|Any CPU.ActiveCfg = Release|Any CPU
		{6B49A611-FBD5-498D-8E66-BBE12838438F}.Release|Any CPU.Build.0 = Release|Any CPU
	EndGlobalSection
	GlobalSection(SolutionProperties) = preSolution
		HideSolutionNode = FALSE
	EndGlobalSection
	GlobalSection(ExtensibilityGlobals) = postSolution
		SolutionGuid = {7B32EAE3-749C-49DA-BBC2-BD34AC58BB53}
	EndGlobalSection
EndGlobal
